// !$*UTF8*$!
{
	archiveVersion = 1;
	classes = {
	};
	objectVersion = 46;
	objects = {

/* Begin PBXBuildFile section */
		7FD7D60F1EB3438E00CB142A /* main.cpp in Sources */ = {isa = PBXBuildFile; fileRef = 7FD7D60E1EB3438E00CB142A /* main.cpp */; };
/* End PBXBuildFile section */

/* Begin PBXCopyFilesBuildPhase section */
		7FD7D6091EB3438E00CB142A /* CopyFiles */ = {
			isa = PBXCopyFilesBuildPhase;
			buildActionMask = 2147483647;
			dstPath = /usr/share/man/man1/;
			dstSubfolderSpec = 0;
			files = (
			);
			runOnlyForDeploymentPostprocessing = 1;
		};
/* End PBXCopyFilesBuildPhase section */

/* Begin PBXFileReference section */
		7FD7D60B1EB3438E00CB142A /* MetNumIntegralsLive */ = {isa = PBXFileReference; explicitFileType = "compiled.mach-o.executable"; includeInIndex = 0; path = MetNumIntegralsLive; sourceTree = BUILT_PRODUCTS_DIR; };
		7FD7D60E1EB3438E00CB142A /* main.cpp */ = {isa = PBXFileReference; lastKnownFileType = sourcecode.cpp.cpp; path = main.cpp; sourceTree = "<group>"; };
/* End PBXFileReference section */

/* Begin PBXFrameworksBuildPhase section */
		7FD7D6081EB3438E00CB142A /* Frameworks */ = {
			isa = PBXFrameworksBuildPhase;
			buildActionMask = 2147483647;
			files = (
			);
			runOnlyForDeploymentPostprocessing = 0;
		};
/* End PBXFrameworksBuildPhase section */

/* Begin PBXGroup section */
		7FD7D6021EB3438E00CB142A = {
			isa = PBXGroup;
			children = (
				7FD7D60D1EB3438E00CB142A /* MetNumIntegralsLive */,
				7FD7D60C1EB3438E00CB142A /* Products */,
			);
			sourceTree = "<group>";
		};
		7FD7D60C1EB3438E00CB142A /* Products */ = {
			isa = PBXGroup;
			children = (
				7FD7D60B1EB3438E00CB142A /* MetNumIntegralsLive */,
			);
			name = Products;
			sourceTree = "<group>";
		};
		7FD7D60D1EB3438E00CB142A /* MetNumIntegralsLive */ = {
			isa = PBXGroup;
			children = (
				7FD7D60E1EB3438E00CB142A /* main.cpp */,
			);
			path = MetNumIntegralsLive;
			sourceTree = "<group>";
		};
/* End PBXGroup section */

/* Begin PBXNativeTarget section */
		7FD7D60A1EB3438E00CB142A /* MetNumIntegralsLive */ = {
			isa = PBXNativeTarget;
			buildConfigurationList = 7FD7D6121EB3438E00CB142A /* Build configuration list for PBXNativeTarget "MetNumIntegralsLive" */;
			buildPhases = (
				7FD7D6071EB3438E00CB142A /* Sources */,
				7FD7D6081EB3438E00CB142A /* Frameworks */,
				7FD7D6091EB3438E00CB142A /* CopyFiles */,
			);
			buildRules = (
			);
			dependencies = (
			);
			name = MetNumIntegralsLive;
			productName = MetNumIntegralsLive;
			productReference = 7FD7D60B1EB3438E00CB142A /* MetNumIntegralsLive */;
			productType = "com.apple.product-type.tool";
		};
/* End PBXNativeTarget section */

/* Begin PBXProject section */
		7FD7D6031EB3438E00CB142A /* Project object */ = {
			isa = PBXProject;
			attributes = {
				LastUpgradeCheck = 0830;
				ORGANIZATIONNAME = "Mikołaj Stępniewski";
				TargetAttributes = {
					7FD7D60A1EB3438E00CB142A = {
						CreatedOnToolsVersion = 8.3.2;
						DevelopmentTeam = QZ39Q3ANW7;
						ProvisioningStyle = Automatic;
					};
				};
			};
			buildConfigurationList = 7FD7D6061EB3438E00CB142A /* Build configuration list for PBXProject "MetNumIntegralsLive" */;
			compatibilityVersion = "Xcode 3.2";
			developmentRegion = English;
			hasScannedForEncodings = 0;
			knownRegions = (
				en,
			);
			mainGroup = 7FD7D6021EB3438E00CB142A;
			productRefGroup = 7FD7D60C1EB3438E00CB142A /* Products */;
			projectDirPath = "";
			projectRoot = "";
			targets = (
				7FD7D60A1EB3438E00CB142A /* MetNumIntegralsLive */,
			);
		};
/* End PBXProject section */

/* Begin PBXSourcesBuildPhase section */
		7FD7D6071EB3438E00CB142A /* Sources */ = {
			isa = PBXSourcesBuildPhase;
			buildActionMask = 2147483647;
			files = (
				7FD7D60F1EB3438E00CB142A /* main.cpp in Sources */,
			);
			runOnlyForDeploymentPostprocessing = 0;
		};
/* End PBXSourcesBuildPhase section */

/* Begin XCBuildConfiguration section */
		7FD7D6101EB3438E00CB142A /* Debug */ = {
			isa = XCBuildConfiguration;
			buildSettings = {
				ALWAYS_SEARCH_USER_PATHS = NO;
				CLANG_ANALYZER_NONNULL = YES;
				CLANG_ANALYZER_NUMBER_OBJECT_CONVERSION = YES_AGGRESSIVE;
				CLANG_CXX_LANGUAGE_STANDARD = "gnu++0x";
				CLANG_CXX_LIBRARY = "libc++";
				CLANG_ENABLE_MODULES = YES;
				CLANG_ENABLE_OBJC_ARC = YES;
				CLANG_WARN_BOOL_CONVERSION = YES;
				CLANG_WARN_CONSTANT_CONVERSION = YES;
				CLANG_WARN_DIRECT_OBJC_ISA_USAGE = YES_ERROR;
				CLANG_WARN_DOCUMENTATION_COMMENTS = YES;
				CLANG_WARN_EMPTY_BODY = YES;
				CLANG_WARN_ENUM_CONVERSION = YES;
				CLANG_WARN_INFINITE_RECURSION = YES;
				CLANG_WARN_INT_CONVERSION = YES;
				CLANG_WARN_OBJC_ROOT_CLASS = YES_ERROR;
				CLANG_WARN_SUSPICIOUS_MOVE = YES;
				CLANG_WARN_UNREACHABLE_CODE = YES;
				CLANG_WARN__DUPLICATE_METHOD_MATCH = YES;
				CODE_SIGN_IDENTITY = "-";
				COPY_PHASE_STRIP = NO;
				DEBUG_INFORMATION_FORMAT = dwarf;
				ENABLE_STRICT_OBJC_MSGSEND = YES;
				ENABLE_TESTABILITY = YES;
				GCC_C_LANGUAGE_STANDARD = gnu99;
				GCC_DYNAMIC_NO_PIC = NO;
				GCC_NO_COMMON_BLOCKS = YES;
				GCC_OPTIMIZATION_LEVEL = 0;
				GCC_PREPROCESSOR_DEFINITIONS = (
					"DEBUG=1",
					"$(inherited)",
				);
				GCC_WARN_64_TO_32_BIT_CONVERSION = YES;
				GCC_WARN_ABOUT_RETURN_TYPE = YES_ERROR;
				GCC_WARN_UNDECLARED_SELECTOR = YES;
				GCC_WARN_UNINITIALIZED_AUTOS = YES_AGGRESSIVE;
				GCC_WARN_UNUSED_FUNCTION = YES;
				GCC_WARN_UNUSED_VARIABLE = YES;
				MACOSX_DEPLOYMENT_TARGET = 10.12;
				MTL_ENABLE_DEBUG_INFO = YES;
				ONLY_ACTIVE_ARCH = YES;
				SDKROOT = macosx;
			};
			name = Debug;
		};
		7FD7D6111EB3438E00CB142A /* Release */ = {
			isa = XCBuildConfiguration;
			buildSettings = {
				ALWAYS_SEARCH_USER_PATHS = NO;
				CLANG_ANALYZER_NONNULL = YES;
				CLANG_ANALYZER_NUMBER_OBJECT_CONVERSION = YES_AGGRESSIVE;
				CLANG_CXX_LANGUAGE_STANDARD = "gnu++0x";
				CLANG_CXX_LIBRARY = "libc++";
				CLANG_ENABLE_MODULES = YES;
				CLANG_ENABLE_OBJC_ARC = YES;
				CLANG_WARN_BOOL_CONVERSION = YES;
				CLANG_WARN_CONSTANT_CONVERSION = YES;
				CLANG_WARN_DIRECT_OBJC_ISA_USAGE = YES_ERROR;
				CLANG_WARN_DOCUMENTATION_COMMENTS = YES;
				CLANG_WARN_EMPTY_BODY = YES;
				CLANG_WARN_ENUM_CONVERSION = YES;
				CLANG_WARN_INFINITE_RECURSION = YES;
				CLANG_WARN_INT_CONVERSION = YES;
				CLANG_WARN_OBJC_ROOT_CLASS = YES_ERROR;
				CLANG_WARN_SUSPICIOUS_MOVE = YES;
				CLANG_WARN_UNREACHABLE_CODE = YES;
				CLANG_WARN__DUPLICATE_METHOD_MATCH = YES;
				CODE_SIGN_IDENTITY = "-";
				COPY_PHASE_STRIP = NO;
				DEBUG_INFORMATION_FORMAT = "dwarf-with-dsym";
				ENABLE_NS_ASSERTIONS = NO;
				ENABLE_STRICT_OBJC_MSGSEND = YES;
				GCC_C_LANGUAGE_STANDARD = gnu99;
				GCC_NO_COMMON_BLOCKS = YES;
				GCC_WARN_64_TO_32_BIT_CONVERSION = YES;
				GCC_WARN_ABOUT_RETURN_TYPE = YES_ERROR;
				GCC_WARN_UNDECLARED_SELECTOR = YES;
				GCC_WARN_UNINITIALIZED_AUTOS = YES_AGGRESSIVE;
				GCC_WARN_UNUSED_FUNCTION = YES;
				GCC_WARN_UNUSED_VARIABLE = YES;
				MACOSX_DEPLOYMENT_TARGET = 10.12;
				MTL_ENABLE_DEBUG_INFO = NO;
				SDKROOT = macosx;
			};
			name = Release;
		};
		7FD7D6131EB3438E00CB142A /* Debug */ = {
			isa = XCBuildConfiguration;
			buildSettings = {
				DEVELOPMENT_TEAM = QZ39Q3ANW7;
				PRODUCT_NAME = "$(TARGET_NAME)";
			};
			name = Debug;
		};
		7FD7D6141EB3438E00CB142A /* Release */ = {
			isa = XCBuildConfiguration;
			buildSettings = {
				DEVELOPMENT_TEAM = QZ39Q3ANW7;
				PRODUCT_NAME = "$(TARGET_NAME)";
			};
			name = Release;
		};
/* End XCBuildConfiguration section */

/* Begin XCConfigurationList section */
		7FD7D6061EB3438E00CB142A /* Build configuration list for PBXProject "MetNumIntegralsLive" */ = {
			isa = XCConfigurationList;
			buildConfigurations = (
				7FD7D6101EB3438E00CB142A /* Debug */,
				7FD7D6111EB3438E00CB142A /* Release */,
			);
			defaultConfigurationIsVisible = 0;
			defaultConfigurationName = Release;
		};
		7FD7D6121EB3438E00CB142A /* Build configuration list for PBXNativeTarget "MetNumIntegralsLive" */ = {
			isa = XCConfigurationList;
			buildConfigurations = (
				7FD7D6131EB3438E00CB142A /* Debug */,
				7FD7D6141EB3438E00CB142A /* Release */,
			);
			defaultConfigurationIsVisible = 0;
		};
/* End XCConfigurationList section */
	};
	rootObject = 7FD7D6031EB3438E00CB142A /* Project object */;
}
